
Microsoft Visual Studio Solution File, Format Version 12.00
# Visual Studio Version 17
VisualStudioVersion = 17.7.34018.315
MinimumVisualStudioVersion = 10.0.40219.1
Project("{FAE04EC0-301F-11D3-BF4B-00C04F79EFBC}") = "records_viewer_sample", "records_viewer_sample\records_viewer_sample.csproj", "{6B8B92DE-D92D-42B0-BBF8-3CF9A2D162CF}"
EndProject
Global
	GlobalSection(SolutionConfigurationPlatforms) = preSolution
		Debug|Any CPU = Debug|Any CPU
		Release|Any CPU = Release|Any CPU
	EndGlobalSection
	GlobalSection(ProjectConfigurationPlatforms) = postSolution
		{6B8B92DE-D92D-42B0-BBF8-3CF9A2D162CF}.Debug|Any CPU.ActiveCfg = Debug|Any CPU
		{6B8B92DE-D92D-42B0-BBF8-3CF9A2D162CF}.Debug|Any CPU.Build.0 = Debug|Any CPU
		{6B8B92DE-D92D-42B0-BBF8-3CF9A2D162CF}.Release|Any CPU.ActiveCfg = Release|Any CPU
		{6B8B92DE-D92D-42B0-BBF8-3CF9A2D162CF}.Release|Any CPU.Build.0 = Release|Any CPU
	EndGlobalSection
	GlobalSection(SolutionProperties) = preSolution
		HideSolutionNode = FALSE
	EndGlobalSection
	GlobalSection(ExtensibilityGlobals) = postSolution
		SolutionGuid = {76C03F86-1FE8-41FA-ADFC-9D2551EF120C}
	EndGlobalSection
EndGlobal
